github.com/enesates/playground v0.1.0 h1:+XF6fqARifNP4N0iWGFQ3rh/5svUDWBK5kFkn4GAuGU=
github.com/enesates/playground v0.1.0/go.mod h1:Q5XGRiSOBK0ahr94cFIas4BKXc7BwKQFhRaK7sgfqtE=
github.com/enesates/playground v0.2.0 h1:Mjkq6yzxH97XuAOqOoWCWjPxIo//afVFZeld2dMQcK4=
github.com/enesates/playground v0.2.0/go.mod h1:Q5XGRiSOBK0ahr94cFIas4BKXc7BwKQFhRaK7sgfqtE=
github.com/enesates/playground v0.2.1 h1:b4GgMqaBdwPz215WpGBpiNY6j1odzeJlGJLFRY2MAjc=
github.com/enesates/playground v0.2.1/go.mod h1:Q5XGRiSOBK0ahr94cFIas4BKXc7BwKQFhRaK7sgfqtE=
github.com/enesates/playground v0.3.1 h1:65CvFYuXtRuehhkUJfs4OwPzFAj5sybccA0CdudosxU=
github.com/enesates/playground v0.3.1/go.mod h1:Q5XGRiSOBK0ahr94cFIas4BKXc7BwKQFhRaK7sgfqtE=
